
Microsoft Visual Studio Solution File, Format Version 12.00
# Visual Studio Version 17
VisualStudioVersion = 17.3.32901.215
MinimumVisualStudioVersion = 10.0.40219.1
Project("{9A19103F-16F7-4668-BE54-9A1E7A4F7556}") = "Services", "Services\Services.csproj", "{9B65D371-69B6-4534-8A5A-536791EB8689}"
	ProjectSection(ProjectDependencies) = postProject
		{994F8D52-75C8-4AFF-AD18-5AEAB6A11C51} = {994F8D52-75C8-4AFF-AD18-5AEAB6A11C51}
	EndProjectSection
EndProject
Project("{2150E333-8FDC-42A3-9474-1A3956D46DE8}") = "Services", "Services", "{3B6D58EA-71DA-4D4E-BA3F-6293636BEA50}"
EndProject
Project("{2150E333-8FDC-42A3-9474-1A3956D46DE8}") = "Domain", "Domain", "{5FC0A81C-1B1A-4B5F-A2AA-786712E38DCC}"
EndProject
Project("{2150E333-8FDC-42A3-9474-1A3956D46DE8}") = "Data", "Data", "{B2FAF5B5-89DD-4DFA-81B4-6AA8951C13FC}"
EndProject
Project("{2150E333-8FDC-42A3-9474-1A3956D46DE8}") = "Application", "Application", "{CD52B430-FC5E-4DC9-828B-55D5CF15D3BC}"
EndProject
Project("{2150E333-8FDC-42A3-9474-1A3956D46DE8}") = "Test", "Test", "{4A61B3CB-51C1-479C-9B4B-1B7E9069FAE1}"
EndProject
Project("{9A19103F-16F7-4668-BE54-9A1E7A4F7556}") = "Data", "Data\Data.csproj", "{662E0989-B030-4CBB-AE17-9260665F9C63}"
EndProject
Project("{9A19103F-16F7-4668-BE54-9A1E7A4F7556}") = "Application", "Application\Application.csproj", "{769E69B7-C2D4-4279-B507-D7F20B7ED23E}"
EndProject
Project("{9A19103F-16F7-4668-BE54-9A1E7A4F7556}") = "Domain", "Domain\Domain.csproj", "{994F8D52-75C8-4AFF-AD18-5AEAB6A11C51}"
EndProject
Project("{9A19103F-16F7-4668-BE54-9A1E7A4F7556}") = "Test", "Test\Test.csproj", "{D7D9738C-980D-4141-8113-79A734C558B1}"
EndProject
Project("{2150E333-8FDC-42A3-9474-1A3956D46DE8}") = "Web", "Web", "{7D475C82-5A04-413E-A380-B9D67609E957}"
EndProject
Project("{FAE04EC0-301F-11D3-BF4B-00C04F79EFBC}") = "CadastroMVC", "CadastroMVC\CadastroMVC.csproj", "{16A57CAF-01C4-44B6-98D2-88E7BD0F7BF4}"
	ProjectSection(ProjectDependencies) = postProject
		{9B65D371-69B6-4534-8A5A-536791EB8689} = {9B65D371-69B6-4534-8A5A-536791EB8689}
	EndProjectSection
EndProject
Global
	GlobalSection(SolutionConfigurationPlatforms) = preSolution
		Debug|Any CPU = Debug|Any CPU
		Release|Any CPU = Release|Any CPU
	EndGlobalSection
	GlobalSection(ProjectConfigurationPlatforms) = postSolution
		{9B65D371-69B6-4534-8A5A-536791EB8689}.Debug|Any CPU.ActiveCfg = Debug|Any CPU
		{9B65D371-69B6-4534-8A5A-536791EB8689}.Debug|Any CPU.Build.0 = Debug|Any CPU
		{9B65D371-69B6-4534-8A5A-536791EB8689}.Release|Any CPU.ActiveCfg = Release|Any CPU
		{9B65D371-69B6-4534-8A5A-536791EB8689}.Release|Any CPU.Build.0 = Release|Any CPU
		{662E0989-B030-4CBB-AE17-9260665F9C63}.Debug|Any CPU.ActiveCfg = Debug|Any CPU
		{662E0989-B030-4CBB-AE17-9260665F9C63}.Debug|Any CPU.Build.0 = Debug|Any CPU
		{662E0989-B030-4CBB-AE17-9260665F9C63}.Release|Any CPU.ActiveCfg = Release|Any CPU
		{662E0989-B030-4CBB-AE17-9260665F9C63}.Release|Any CPU.Build.0 = Release|Any CPU
		{769E69B7-C2D4-4279-B507-D7F20B7ED23E}.Debug|Any CPU.ActiveCfg = Debug|Any CPU
		{769E69B7-C2D4-4279-B507-D7F20B7ED23E}.Debug|Any CPU.Build.0 = Debug|Any CPU
		{769E69B7-C2D4-4279-B507-D7F20B7ED23E}.Release|Any CPU.ActiveCfg = Release|Any CPU
		{769E69B7-C2D4-4279-B507-D7F20B7ED23E}.Release|Any CPU.Build.0 = Release|Any CPU
		{994F8D52-75C8-4AFF-AD18-5AEAB6A11C51}.Debug|Any CPU.ActiveCfg = Debug|Any CPU
		{994F8D52-75C8-4AFF-AD18-5AEAB6A11C51}.Debug|Any CPU.Build.0 = Debug|Any CPU
		{994F8D52-75C8-4AFF-AD18-5AEAB6A11C51}.Release|Any CPU.ActiveCfg = Release|Any CPU
		{994F8D52-75C8-4AFF-AD18-5AEAB6A11C51}.Release|Any CPU.Build.0 = Release|Any CPU
		{D7D9738C-980D-4141-8113-79A734C558B1}.Debug|Any CPU.ActiveCfg = Debug|Any CPU
		{D7D9738C-980D-4141-8113-79A734C558B1}.Debug|Any CPU.Build.0 = Debug|Any CPU
		{D7D9738C-980D-4141-8113-79A734C558B1}.Release|Any CPU.ActiveCfg = Release|Any CPU
		{D7D9738C-980D-4141-8113-79A734C558B1}.Release|Any CPU.Build.0 = Release|Any CPU
		{16A57CAF-01C4-44B6-98D2-88E7BD0F7BF4}.Debug|Any CPU.ActiveCfg = Debug|Any CPU
		{16A57CAF-01C4-44B6-98D2-88E7BD0F7BF4}.Debug|Any CPU.Build.0 = Debug|Any CPU
		{16A57CAF-01C4-44B6-98D2-88E7BD0F7BF4}.Release|Any CPU.ActiveCfg = Release|Any CPU
		{16A57CAF-01C4-44B6-98D2-88E7BD0F7BF4}.Release|Any CPU.Build.0 = Release|Any CPU
	EndGlobalSection
	GlobalSection(SolutionProperties) = preSolution
		HideSolutionNode = FALSE
	EndGlobalSection
	GlobalSection(NestedProjects) = preSolution
		{9B65D371-69B6-4534-8A5A-536791EB8689} = {3B6D58EA-71DA-4D4E-BA3F-6293636BEA50}
		{662E0989-B030-4CBB-AE17-9260665F9C63} = {B2FAF5B5-89DD-4DFA-81B4-6AA8951C13FC}
		{769E69B7-C2D4-4279-B507-D7F20B7ED23E} = {CD52B430-FC5E-4DC9-828B-55D5CF15D3BC}
		{994F8D52-75C8-4AFF-AD18-5AEAB6A11C51} = {5FC0A81C-1B1A-4B5F-A2AA-786712E38DCC}
		{D7D9738C-980D-4141-8113-79A734C558B1} = {4A61B3CB-51C1-479C-9B4B-1B7E9069FAE1}
		{16A57CAF-01C4-44B6-98D2-88E7BD0F7BF4} = {7D475C82-5A04-413E-A380-B9D67609E957}
	EndGlobalSection
	GlobalSection(ExtensibilityGlobals) = postSolution
		SolutionGuid = {02972909-2AC8-43B3-BC4D-9D386093F801}
	EndGlobalSection
EndGlobal
